
Microsoft Visual Studio Solution File, Format Version 11.00
# Visual Studio 2010
Project("{FAE04EC0-301F-11D3-BF4B-00C04F79EFBC}") = "DynamicTypes", "DynamicTypes\DynamicTypes.csproj", "{33CFD3A0-0638-4340-9C1C-E2C9B861CDBF}"
EndProject
Project("{FAE04EC0-301F-11D3-BF4B-00C04F79EFBC}") = "DynamicTypesTests", "DynamicTypesTests\DynamicTypesTests.csproj", "{30801401-52AC-4F39-A683-9B3DAA7F9238}"
EndProject
Project("{2150E333-8FDC-42A3-9474-1A3956D46DE8}") = "Solution Items", "Solution Items", "{FF750B12-13AD-4AB8-B76E-A401D52A26F1}"
	ProjectSection(SolutionItems) = preProject
		DynamicTypes.vsmdi = DynamicTypes.vsmdi
		Local.testsettings = Local.testsettings
		TraceAndTestImpact.testsettings = TraceAndTestImpact.testsettings
	EndProjectSection
EndProject
Global
	GlobalSection(TestCaseManagementSettings) = postSolution
		CategoryFile = DynamicTypes.vsmdi
	EndGlobalSection
	GlobalSection(SolutionConfigurationPlatforms) = preSolution
		Debug|Any CPU = Debug|Any CPU
		Release|Any CPU = Release|Any CPU
	EndGlobalSection
	GlobalSection(ProjectConfigurationPlatforms) = postSolution
		{33CFD3A0-0638-4340-9C1C-E2C9B861CDBF}.Debug|Any CPU.ActiveCfg = Debug|Any CPU
		{33CFD3A0-0638-4340-9C1C-E2C9B861CDBF}.Debug|Any CPU.Build.0 = Debug|Any CPU
		{33CFD3A0-0638-4340-9C1C-E2C9B861CDBF}.Release|Any CPU.ActiveCfg = Release|Any CPU
		{33CFD3A0-0638-4340-9C1C-E2C9B861CDBF}.Release|Any CPU.Build.0 = Release|Any CPU
		{30801401-52AC-4F39-A683-9B3DAA7F9238}.Debug|Any CPU.ActiveCfg = Debug|Any CPU
		{30801401-52AC-4F39-A683-9B3DAA7F9238}.Debug|Any CPU.Build.0 = Debug|Any CPU
		{30801401-52AC-4F39-A683-9B3DAA7F9238}.Release|Any CPU.ActiveCfg = Release|Any CPU
		{30801401-52AC-4F39-A683-9B3DAA7F9238}.Release|Any CPU.Build.0 = Release|Any CPU
	EndGlobalSection
	GlobalSection(SolutionProperties) = preSolution
		HideSolutionNode = FALSE
	EndGlobalSection
EndGlobal
